
Microsoft Visual Studio Solution File, Format Version 12.00
# Visual Studio Version 17
VisualStudioVersion = 17.11.35431.28
MinimumVisualStudioVersion = 10.0.40219.1
Project("{FAE04EC0-301F-11D3-BF4B-00C04F79EFBC}") = "Hokin", "Hokin\Hokin.csproj", "{C3AE40C0-CC8B-43A5-8EE6-ED3EC100265A}"
EndProject
Project("{FAE04EC0-301F-11D3-BF4B-00C04F79EFBC}") = "клюкарка", "клюкарка\клюкарка.csproj", "{5B3D60BA-F81A-4197-9594-44F4250CEAFD}"
EndProject
Project("{FAE04EC0-301F-11D3-BF4B-00C04F79EFBC}") = "календар", "календар\календар.csproj", "{5DD94179-F415-476D-B19A-627FF9DCEA13}"
EndProject
Global
	GlobalSection(SolutionConfigurationPlatforms) = preSolution
		Debug|Any CPU = Debug|Any CPU
		Release|Any CPU = Release|Any CPU
	EndGlobalSection
	GlobalSection(ProjectConfigurationPlatforms) = postSolution
		{C3AE40C0-CC8B-43A5-8EE6-ED3EC100265A}.Debug|Any CPU.ActiveCfg = Debug|Any CPU
		{C3AE40C0-CC8B-43A5-8EE6-ED3EC100265A}.Debug|Any CPU.Build.0 = Debug|Any CPU
		{C3AE40C0-CC8B-43A5-8EE6-ED3EC100265A}.Release|Any CPU.ActiveCfg = Release|Any CPU
		{C3AE40C0-CC8B-43A5-8EE6-ED3EC100265A}.Release|Any CPU.Build.0 = Release|Any CPU
		{5B3D60BA-F81A-4197-9594-44F4250CEAFD}.Debug|Any CPU.ActiveCfg = Debug|Any CPU
		{5B3D60BA-F81A-4197-9594-44F4250CEAFD}.Debug|Any CPU.Build.0 = Debug|Any CPU
		{5B3D60BA-F81A-4197-9594-44F4250CEAFD}.Release|Any CPU.ActiveCfg = Release|Any CPU
		{5B3D60BA-F81A-4197-9594-44F4250CEAFD}.Release|Any CPU.Build.0 = Release|Any CPU
		{5DD94179-F415-476D-B19A-627FF9DCEA13}.Debug|Any CPU.ActiveCfg = Debug|Any CPU
		{5DD94179-F415-476D-B19A-627FF9DCEA13}.Debug|Any CPU.Build.0 = Debug|Any CPU
		{5DD94179-F415-476D-B19A-627FF9DCEA13}.Release|Any CPU.ActiveCfg = Release|Any CPU
		{5DD94179-F415-476D-B19A-627FF9DCEA13}.Release|Any CPU.Build.0 = Release|Any CPU
	EndGlobalSection
	GlobalSection(SolutionProperties) = preSolution
		HideSolutionNode = FALSE
	EndGlobalSection
	GlobalSection(ExtensibilityGlobals) = postSolution
		SolutionGuid = {028C44CC-B939-424A-9539-A239E23FBED9}
	EndGlobalSection
EndGlobal
